// !$*UTF8*$!
{
	archiveVersion = 1;
	classes = {
	};
	objectVersion = 50;
	objects = {

/* Begin PBXBuildFile section */
		9B1218342733194E00C0457E /* Assets.xcassets in Resources */ = {isa = PBXBuildFile; fileRef = 9B1218332733194E00C0457E /* Assets.xcassets */; };
		9B1218362733258400C0457E /* ScorePointInit.swift in Sources */ = {isa = PBXBuildFile; fileRef = 9B1218352733258400C0457E /* ScorePointInit.swift */; };
		9B1B6E3D2733071700608870 /* BallInit.swift in Sources */ = {isa = PBXBuildFile; fileRef = 9B1B6E3C2733071700608870 /* BallInit.swift */; };
		9B1B6E4127330B8E00608870 /* FloorInit.swift in Sources */ = {isa = PBXBuildFile; fileRef = 9B1B6E4027330B8E00608870 /* FloorInit.swift */; };
		9B1B907F27243E6D00CF797A /* AppDelegate.swift in Sources */ = {isa = PBXBuildFile; fileRef = 9B1B907E27243E6D00CF797A /* AppDelegate.swift */; };
		9B1B908127243E6D00CF797A /* art.scnassets in Resources */ = {isa = PBXBuildFile; fileRef = 9B1B908027243E6D00CF797A /* art.scnassets */; };
		9B1B908327243E6D00CF797A /* ViewController.swift in Sources */ = {isa = PBXBuildFile; fileRef = 9B1B908227243E6D00CF797A /* ViewController.swift */; };
		9B1B908627243E6D00CF797A /* Main.storyboard in Resources */ = {isa = PBXBuildFile; fileRef = 9B1B908427243E6D00CF797A /* Main.storyboard */; };
		9B1B908B27243E6D00CF797A /* LaunchScreen.storyboard in Resources */ = {isa = PBXBuildFile; fileRef = 9B1B908927243E6D00CF797A /* LaunchScreen.storyboard */; };
		9B20066B2729B0000054B94B /* MainViewController.swift in Sources */ = {isa = PBXBuildFile; fileRef = 9B20066A2729AFFF0054B94B /* MainViewController.swift */; };
		9B2147042728746F00E595A5 /* CollisionCategory.swift in Sources */ = {isa = PBXBuildFile; fileRef = 9B2147032728746F00E595A5 /* CollisionCategory.swift */; };
		9B40C738272C7EEB00B2E7B0 /* FinishViewController.swift in Sources */ = {isa = PBXBuildFile; fileRef = 9B40C737272C7EEB00B2E7B0 /* FinishViewController.swift */; };
/* End PBXBuildFile section */

/* Begin PBXFileReference section */
		9B1218332733194E00C0457E /* Assets.xcassets */ = {isa = PBXFileReference; lastKnownFileType = folder.assetcatalog; path = Assets.xcassets; sourceTree = "<group>"; };
		9B1218352733258400C0457E /* ScorePointInit.swift */ = {isa = PBXFileReference; lastKnownFileType = sourcecode.swift; path = ScorePointInit.swift; sourceTree = "<group>"; };
		9B1B6E3C2733071700608870 /* BallInit.swift */ = {isa = PBXFileReference; lastKnownFileType = sourcecode.swift; path = BallInit.swift; sourceTree = "<group>"; };
		9B1B6E4027330B8E00608870 /* FloorInit.swift */ = {isa = PBXFileReference; lastKnownFileType = sourcecode.swift; path = FloorInit.swift; sourceTree = "<group>"; };
		9B1B907B27243E6D00CF797A /* AR BasketBall 2021.app */ = {isa = PBXFileReference; explicitFileType = wrapper.application; includeInIndex = 0; path = "AR BasketBall 2021.app"; sourceTree = BUILT_PRODUCTS_DIR; };
		9B1B907E27243E6D00CF797A /* AppDelegate.swift */ = {isa = PBXFileReference; lastKnownFileType = sourcecode.swift; path = AppDelegate.swift; sourceTree = "<group>"; };
		9B1B908027243E6D00CF797A /* art.scnassets */ = {isa = PBXFileReference; lastKnownFileType = wrapper.scnassets; path = art.scnassets; sourceTree = "<group>"; };
		9B1B908227243E6D00CF797A /* ViewController.swift */ = {isa = PBXFileReference; lastKnownFileType = sourcecode.swift; path = ViewController.swift; sourceTree = "<group>"; };
		9B1B908527243E6D00CF797A /* Base */ = {isa = PBXFileReference; lastKnownFileType = file.storyboard; name = Base; path = Base.lproj/Main.storyboard; sourceTree = "<group>"; };
		9B1B908A27243E6D00CF797A /* Base */ = {isa = PBXFileReference; lastKnownFileType = file.storyboard; name = Base; path = Base.lproj/LaunchScreen.storyboard; sourceTree = "<group>"; };
		9B1B908C27243E6D00CF797A /* Info.plist */ = {isa = PBXFileReference; lastKnownFileType = text.plist.xml; path = Info.plist; sourceTree = "<group>"; };
		9B20066A2729AFFF0054B94B /* MainViewController.swift */ = {isa = PBXFileReference; lastKnownFileType = sourcecode.swift; path = MainViewController.swift; sourceTree = "<group>"; };
		9B2147032728746F00E595A5 /* CollisionCategory.swift */ = {isa = PBXFileReference; lastKnownFileType = sourcecode.swift; path = CollisionCategory.swift; sourceTree = "<group>"; };
		9B40C737272C7EEB00B2E7B0 /* FinishViewController.swift */ = {isa = PBXFileReference; lastKnownFileType = sourcecode.swift; path = FinishViewController.swift; sourceTree = "<group>"; };
/* End PBXFileReference section */

/* Begin PBXFrameworksBuildPhase section */
		9B1B907827243E6D00CF797A /* Frameworks */ = {
			isa = PBXFrameworksBuildPhase;
			buildActionMask = 2147483647;
			files = (
			);
			runOnlyForDeploymentPostprocessing = 0;
		};
/* End PBXFrameworksBuildPhase section */

/* Begin PBXGroup section */
		9B1B6E442733105300608870 /* Elements */ = {
			isa = PBXGroup;
			children = (
				9B1B6E3C2733071700608870 /* BallInit.swift */,
				9B1B6E4027330B8E00608870 /* FloorInit.swift */,
				9B1218352733258400C0457E /* ScorePointInit.swift */,
			);
			path = Elements;
			sourceTree = "<group>";
		};
		9B1B6E452733107800608870 /* App */ = {
			isa = PBXGroup;
			children = (
				9B1B907E27243E6D00CF797A /* AppDelegate.swift */,
				9B1B908927243E6D00CF797A /* LaunchScreen.storyboard */,
			);
			path = App;
			sourceTree = "<group>";
		};
		9B1B6E46273310A200608870 /* Model */ = {
			isa = PBXGroup;
			children = (
				9B2147032728746F00E595A5 /* CollisionCategory.swift */,
			);
			path = Model;
			sourceTree = "<group>";
		};
		9B1B907227243E6D00CF797A = {
			isa = PBXGroup;
			children = (
				9B1B907D27243E6D00CF797A /* AR BasketBall 2021 */,
				9B1B907C27243E6D00CF797A /* Products */,
			);
			sourceTree = "<group>";
		};
		9B1B907C27243E6D00CF797A /* Products */ = {
			isa = PBXGroup;
			children = (
				9B1B907B27243E6D00CF797A /* AR BasketBall 2021.app */,
			);
			name = Products;
			sourceTree = "<group>";
		};
		9B1B907D27243E6D00CF797A /* AR BasketBall 2021 */ = {
			isa = PBXGroup;
			children = (
				9B1218332733194E00C0457E /* Assets.xcassets */,
				9B1B908027243E6D00CF797A /* art.scnassets */,
				9B1B6E46273310A200608870 /* Model */,
				9B1B6E452733107800608870 /* App */,
				9B1B6E442733105300608870 /* Elements */,
				9B1B908C27243E6D00CF797A /* Info.plist */,
				9B1B908427243E6D00CF797A /* Main.storyboard */,
				9B40C739272C7F5000B2E7B0 /* VC */,
			);
			path = "AR BasketBall 2021";
			sourceTree = "<group>";
		};
		9B40C739272C7F5000B2E7B0 /* VC */ = {
			isa = PBXGroup;
			children = (
				9B20066A2729AFFF0054B94B /* MainViewController.swift */,
				9B40C737272C7EEB00B2E7B0 /* FinishViewController.swift */,
				9B1B908227243E6D00CF797A /* ViewController.swift */,
			);
			path = VC;
			sourceTree = "<group>";
		};
/* End PBXGroup section */

/* Begin PBXNativeTarget section */
		9B1B907A27243E6D00CF797A /* AR BasketBall 2021 */ = {
			isa = PBXNativeTarget;
			buildConfigurationList = 9B1B908F27243E6D00CF797A /* Build configuration list for PBXNativeTarget "AR BasketBall 2021" */;
			buildPhases = (
				9B1B907727243E6D00CF797A /* Sources */,
				9B1B907827243E6D00CF797A /* Frameworks */,
				9B1B907927243E6D00CF797A /* Resources */,
			);
			buildRules = (
			);
			dependencies = (
			);
			name = "AR BasketBall 2021";
			productName = "AR BasketBall 2021";
			productReference = 9B1B907B27243E6D00CF797A /* AR BasketBall 2021.app */;
			productType = "com.apple.product-type.application";
		};
/* End PBXNativeTarget section */

/* Begin PBXProject section */
		9B1B907327243E6D00CF797A /* Project object */ = {
			isa = PBXProject;
			attributes = {
				LastSwiftUpdateCheck = 1250;
				LastUpgradeCheck = 1250;
				TargetAttributes = {
					9B1B907A27243E6D00CF797A = {
						CreatedOnToolsVersion = 12.5;
					};
				};
			};
			buildConfigurationList = 9B1B907627243E6D00CF797A /* Build configuration list for PBXProject "AR BasketBall 2021" */;
			compatibilityVersion = "Xcode 9.3";
			developmentRegion = en;
			hasScannedForEncodings = 0;
			knownRegions = (
				en,
				Base,
			);
			mainGroup = 9B1B907227243E6D00CF797A;
			productRefGroup = 9B1B907C27243E6D00CF797A /* Products */;
			projectDirPath = "";
			projectRoot = "";
			targets = (
				9B1B907A27243E6D00CF797A /* AR BasketBall 2021 */,
			);
		};
/* End PBXProject section */

/* Begin PBXResourcesBuildPhase section */
		9B1B907927243E6D00CF797A /* Resources */ = {
			isa = PBXResourcesBuildPhase;
			buildActionMask = 2147483647;
			files = (
				9B1B908127243E6D00CF797A /* art.scnassets in Resources */,
				9B1B908B27243E6D00CF797A /* LaunchScreen.storyboard in Resources */,
				9B1218342733194E00C0457E /* Assets.xcassets in Resources */,
				9B1B908627243E6D00CF797A /* Main.storyboard in Resources */,
			);
			runOnlyForDeploymentPostprocessing = 0;
		};
/* End PBXResourcesBuildPhase section */

/* Begin PBXSourcesBuildPhase section */
		9B1B907727243E6D00CF797A /* Sources */ = {
			isa = PBXSourcesBuildPhase;
			buildActionMask = 2147483647;
			files = (
				9B1B6E4127330B8E00608870 /* FloorInit.swift in Sources */,
				9B40C738272C7EEB00B2E7B0 /* FinishViewController.swift in Sources */,
				9B1B908327243E6D00CF797A /* ViewController.swift in Sources */,
				9B1B907F27243E6D00CF797A /* AppDelegate.swift in Sources */,
				9B2147042728746F00E595A5 /* CollisionCategory.swift in Sources */,
				9B1B6E3D2733071700608870 /* BallInit.swift in Sources */,
				9B20066B2729B0000054B94B /* MainViewController.swift in Sources */,
				9B1218362733258400C0457E /* ScorePointInit.swift in Sources */,
			);
			runOnlyForDeploymentPostprocessing = 0;
		};
/* End PBXSourcesBuildPhase section */

/* Begin PBXVariantGroup section */
		9B1B908427243E6D00CF797A /* Main.storyboard */ = {
			isa = PBXVariantGroup;
			children = (
				9B1B908527243E6D00CF797A /* Base */,
			);
			name = Main.storyboard;
			sourceTree = "<group>";
		};
		9B1B908927243E6D00CF797A /* LaunchScreen.storyboard */ = {
			isa = PBXVariantGroup;
			children = (
				9B1B908A27243E6D00CF797A /* Base */,
			);
			name = LaunchScreen.storyboard;
			sourceTree = "<group>";
		};
/* End PBXVariantGroup section */

/* Begin XCBuildConfiguration section */
		9B1B908D27243E6D00CF797A /* Debug */ = {
			isa = XCBuildConfiguration;
			buildSettings = {
				ALWAYS_SEARCH_USER_PATHS = NO;
				CLANG_ANALYZER_NONNULL = YES;
				CLANG_ANALYZER_NUMBER_OBJECT_CONVERSION = YES_AGGRESSIVE;
				CLANG_CXX_LANGUAGE_STANDARD = "gnu++14";
				CLANG_CXX_LIBRARY = "libc++";
				CLANG_ENABLE_MODULES = YES;
				CLANG_ENABLE_OBJC_ARC = YES;
				CLANG_ENABLE_OBJC_WEAK = YES;
				CLANG_WARN_BLOCK_CAPTURE_AUTORELEASING = YES;
				CLANG_WARN_BOOL_CONVERSION = YES;
				CLANG_WARN_COMMA = YES;
				CLANG_WARN_CONSTANT_CONVERSION = YES;
				CLANG_WARN_DEPRECATED_OBJC_IMPLEMENTATIONS = YES;
				CLANG_WARN_DIRECT_OBJC_ISA_USAGE = YES_ERROR;
				CLANG_WARN_DOCUMENTATION_COMMENTS = YES;
				CLANG_WARN_EMPTY_BODY = YES;
				CLANG_WARN_ENUM_CONVERSION = YES;
				CLANG_WARN_INFINITE_RECURSION = YES;
				CLANG_WARN_INT_CONVERSION = YES;
				CLANG_WARN_NON_LITERAL_NULL_CONVERSION = YES;
				CLANG_WARN_OBJC_IMPLICIT_RETAIN_SELF = YES;
				CLANG_WARN_OBJC_LITERAL_CONVERSION = YES;
				CLANG_WARN_OBJC_ROOT_CLASS = YES_ERROR;
				CLANG_WARN_QUOTED_INCLUDE_IN_FRAMEWORK_HEADER = YES;
				CLANG_WARN_RANGE_LOOP_ANALYSIS = YES;
				CLANG_WARN_STRICT_PROTOTYPES = YES;
				CLANG_WARN_SUSPICIOUS_MOVE = YES;
				CLANG_WARN_UNGUARDED_AVAILABILITY = YES_AGGRESSIVE;
				CLANG_WARN_UNREACHABLE_CODE = YES;
				CLANG_WARN__DUPLICATE_METHOD_MATCH = YES;
				COPY_PHASE_STRIP = NO;
				DEBUG_INFORMATION_FORMAT = dwarf;
				ENABLE_STRICT_OBJC_MSGSEND = YES;
				ENABLE_TESTABILITY = YES;
				GCC_C_LANGUAGE_STANDARD = gnu11;
				GCC_DYNAMIC_NO_PIC = NO;
				GCC_NO_COMMON_BLOCKS = YES;
				GCC_OPTIMIZATION_LEVEL = 0;
				GCC_PREPROCESSOR_DEFINITIONS = (
					"DEBUG=1",
					"$(inherited)",
				);
				GCC_WARN_64_TO_32_BIT_CONVERSION = YES;
				GCC_WARN_ABOUT_RETURN_TYPE = YES_ERROR;
				GCC_WARN_UNDECLARED_SELECTOR = YES;
				GCC_WARN_UNINITIALIZED_AUTOS = YES_AGGRESSIVE;
				GCC_WARN_UNUSED_FUNCTION = YES;
				GCC_WARN_UNUSED_VARIABLE = YES;
				IPHONEOS_DEPLOYMENT_TARGET = 14.5;
				MTL_ENABLE_DEBUG_INFO = INCLUDE_SOURCE;
				MTL_FAST_MATH = YES;
				ONLY_ACTIVE_ARCH = YES;
				SDKROOT = iphoneos;
				SWIFT_ACTIVE_COMPILATION_CONDITIONS = DEBUG;
				SWIFT_OPTIMIZATION_LEVEL = "-Onone";
			};
			name = Debug;
		};
		9B1B908E27243E6D00CF797A /* Release */ = {
			isa = XCBuildConfiguration;
			buildSettings = {
				ALWAYS_SEARCH_USER_PATHS = NO;
				CLANG_ANALYZER_NONNULL = YES;
				CLANG_ANALYZER_NUMBER_OBJECT_CONVERSION = YES_AGGRESSIVE;
				CLANG_CXX_LANGUAGE_STANDARD = "gnu++14";
				CLANG_CXX_LIBRARY = "libc++";
				CLANG_ENABLE_MODULES = YES;
				CLANG_ENABLE_OBJC_ARC = YES;
				CLANG_ENABLE_OBJC_WEAK = YES;
				CLANG_WARN_BLOCK_CAPTURE_AUTORELEASING = YES;
				CLANG_WARN_BOOL_CONVERSION = YES;
				CLANG_WARN_COMMA = YES;
				CLANG_WARN_CONSTANT_CONVERSION = YES;
				CLANG_WARN_DEPRECATED_OBJC_IMPLEMENTATIONS = YES;
				CLANG_WARN_DIRECT_OBJC_ISA_USAGE = YES_ERROR;
				CLANG_WARN_DOCUMENTATION_COMMENTS = YES;
				CLANG_WARN_EMPTY_BODY = YES;
				CLANG_WARN_ENUM_CONVERSION = YES;
				CLANG_WARN_INFINITE_RECURSION = YES;
				CLANG_WARN_INT_CONVERSION = YES;
				CLANG_WARN_NON_LITERAL_NULL_CONVERSION = YES;
				CLANG_WARN_OBJC_IMPLICIT_RETAIN_SELF = YES;
				CLANG_WARN_OBJC_LITERAL_CONVERSION = YES;
				CLANG_WARN_OBJC_ROOT_CLASS = YES_ERROR;
				CLANG_WARN_QUOTED_INCLUDE_IN_FRAMEWORK_HEADER = YES;
				CLANG_WARN_RANGE_LOOP_ANALYSIS = YES;
				CLANG_WARN_STRICT_PROTOTYPES = YES;
				CLANG_WARN_SUSPICIOUS_MOVE = YES;
				CLANG_WARN_UNGUARDED_AVAILABILITY = YES_AGGRESSIVE;
				CLANG_WARN_UNREACHABLE_CODE = YES;
				CLANG_WARN__DUPLICATE_METHOD_MATCH = YES;
				COPY_PHASE_STRIP = NO;
				DEBUG_INFORMATION_FORMAT = "dwarf-with-dsym";
				ENABLE_NS_ASSERTIONS = NO;
				ENABLE_STRICT_OBJC_MSGSEND = YES;
				GCC_C_LANGUAGE_STANDARD = gnu11;
				GCC_NO_COMMON_BLOCKS = YES;
				GCC_WARN_64_TO_32_BIT_CONVERSION = YES;
				GCC_WARN_ABOUT_RETURN_TYPE = YES_ERROR;
				GCC_WARN_UNDECLARED_SELECTOR = YES;
				GCC_WARN_UNINITIALIZED_AUTOS = YES_AGGRESSIVE;
				GCC_WARN_UNUSED_FUNCTION = YES;
				GCC_WARN_UNUSED_VARIABLE = YES;
				IPHONEOS_DEPLOYMENT_TARGET = 14.5;
				MTL_ENABLE_DEBUG_INFO = NO;
				MTL_FAST_MATH = YES;
				SDKROOT = iphoneos;
				SWIFT_COMPILATION_MODE = wholemodule;
				SWIFT_OPTIMIZATION_LEVEL = "-O";
				VALIDATE_PRODUCT = YES;
			};
			name = Release;
		};
		9B1B909027243E6D00CF797A /* Debug */ = {
			isa = XCBuildConfiguration;
			buildSettings = {
				ASSETCATALOG_COMPILER_APPICON_NAME = AppIcon;
				ASSETCATALOG_COMPILER_GLOBAL_ACCENT_COLOR_NAME = AccentColor;
				CODE_SIGN_IDENTITY = "Apple Development";
				CODE_SIGN_STYLE = Automatic;
				DEVELOPMENT_TEAM = 7AG3H6Y3C5;
				INFOPLIST_FILE = "AR BasketBall 2021/Info.plist";
				IPHONEOS_DEPLOYMENT_TARGET = 13.6;
				LD_RUNPATH_SEARCH_PATHS = (
					"$(inherited)",
					"@executable_path/Frameworks",
				);
				PRODUCT_BUNDLE_IDENTIFIER = "ARBasketball2021SharapovaN.AR-BasketBall-2021";
				PRODUCT_NAME = "$(TARGET_NAME)";
				PROVISIONING_PROFILE_SPECIFIER = "";
				SWIFT_VERSION = 5.0;
				TARGETED_DEVICE_FAMILY = "1,2";
			};
			name = Debug;
		};
		9B1B909127243E6D00CF797A /* Release */ = {
			isa = XCBuildConfiguration;
			buildSettings = {
				ASSETCATALOG_COMPILER_APPICON_NAME = AppIcon;
				ASSETCATALOG_COMPILER_GLOBAL_ACCENT_COLOR_NAME = AccentColor;
				CODE_SIGN_IDENTITY = "Apple Development";
				CODE_SIGN_STYLE = Automatic;
				DEVELOPMENT_TEAM = 7AG3H6Y3C5;
				INFOPLIST_FILE = "AR BasketBall 2021/Info.plist";
				IPHONEOS_DEPLOYMENT_TARGET = 13.6;
				LD_RUNPATH_SEARCH_PATHS = (
					"$(inherited)",
					"@executable_path/Frameworks",
				);
				PRODUCT_BUNDLE_IDENTIFIER = "ARBasketball2021SharapovaN.AR-BasketBall-2021";
				PRODUCT_NAME = "$(TARGET_NAME)";
				PROVISIONING_PROFILE_SPECIFIER = "";
				SWIFT_VERSION = 5.0;
				TARGETED_DEVICE_FAMILY = "1,2";
			};
			name = Release;
		};
/* End XCBuildConfiguration section */

/* Begin XCConfigurationList section */
		9B1B907627243E6D00CF797A /* Build configuration list for PBXProject "AR BasketBall 2021" */ = {
			isa = XCConfigurationList;
			buildConfigurations = (
				9B1B908D27243E6D00CF797A /* Debug */,
				9B1B908E27243E6D00CF797A /* Release */,
			);
			defaultConfigurationIsVisible = 0;
			defaultConfigurationName = Release;
		};
		9B1B908F27243E6D00CF797A /* Build configuration list for PBXNativeTarget "AR BasketBall 2021" */ = {
			isa = XCConfigurationList;
			buildConfigurations = (
				9B1B909027243E6D00CF797A /* Debug */,
				9B1B909127243E6D00CF797A /* Release */,
			);
			defaultConfigurationIsVisible = 0;
			defaultConfigurationName = Release;
		};
/* End XCConfigurationList section */
	};
	rootObject = 9B1B907327243E6D00CF797A /* Project object */;
}
